
Microsoft Visual Studio Solution File, Format Version 12.00
# Visual Studio 2013
VisualStudioVersion = 12.0.40629.0
MinimumVisualStudioVersion = 10.0.40219.1
Project("{FAE04EC0-301F-11D3-BF4B-00C04F79EFBC}") = "Service Tag Retriever", "Service Tag Retriever\Service Tag Retriever.csproj", "{483F2C56-8F6D-4CE6-8DC2-66DD4F917056}"
EndProject
Project("{6141683F-8A12-4E36-9623-2EB02B2C2303}") = "Install", "Install\Install.isproj", "{D283A997-A1A8-4412-9382-23C38E171EA2}"
EndProject
Global
	GlobalSection(SolutionConfigurationPlatforms) = preSolution
		CD_ROM|Any CPU = CD_ROM|Any CPU
		Debug|Any CPU = Debug|Any CPU
		DVD-5|Any CPU = DVD-5|Any CPU
		Release|Any CPU = Release|Any CPU
		SingleImage|Any CPU = SingleImage|Any CPU
	EndGlobalSection
	GlobalSection(ProjectConfigurationPlatforms) = postSolution
		{483F2C56-8F6D-4CE6-8DC2-66DD4F917056}.CD_ROM|Any CPU.ActiveCfg = Release|Any CPU
		{483F2C56-8F6D-4CE6-8DC2-66DD4F917056}.CD_ROM|Any CPU.Build.0 = Release|Any CPU
		{483F2C56-8F6D-4CE6-8DC2-66DD4F917056}.Debug|Any CPU.ActiveCfg = Debug|Any CPU
		{483F2C56-8F6D-4CE6-8DC2-66DD4F917056}.Debug|Any CPU.Build.0 = Debug|Any CPU
		{483F2C56-8F6D-4CE6-8DC2-66DD4F917056}.DVD-5|Any CPU.ActiveCfg = Debug|Any CPU
		{483F2C56-8F6D-4CE6-8DC2-66DD4F917056}.DVD-5|Any CPU.Build.0 = Debug|Any CPU
		{483F2C56-8F6D-4CE6-8DC2-66DD4F917056}.Release|Any CPU.ActiveCfg = Release|Any CPU
		{483F2C56-8F6D-4CE6-8DC2-66DD4F917056}.Release|Any CPU.Build.0 = Release|Any CPU
		{483F2C56-8F6D-4CE6-8DC2-66DD4F917056}.SingleImage|Any CPU.ActiveCfg = Release|Any CPU
		{483F2C56-8F6D-4CE6-8DC2-66DD4F917056}.SingleImage|Any CPU.Build.0 = Release|Any CPU
		{D283A997-A1A8-4412-9382-23C38E171EA2}.CD_ROM|Any CPU.ActiveCfg = CD_ROM
		{D283A997-A1A8-4412-9382-23C38E171EA2}.CD_ROM|Any CPU.Build.0 = CD_ROM
		{D283A997-A1A8-4412-9382-23C38E171EA2}.Debug|Any CPU.ActiveCfg = DVD-5
		{D283A997-A1A8-4412-9382-23C38E171EA2}.Debug|Any CPU.Build.0 = DVD-5
		{D283A997-A1A8-4412-9382-23C38E171EA2}.DVD-5|Any CPU.ActiveCfg = DVD-5
		{D283A997-A1A8-4412-9382-23C38E171EA2}.DVD-5|Any CPU.Build.0 = DVD-5
		{D283A997-A1A8-4412-9382-23C38E171EA2}.Release|Any CPU.ActiveCfg = SingleImage
		{D283A997-A1A8-4412-9382-23C38E171EA2}.Release|Any CPU.Build.0 = SingleImage
		{D283A997-A1A8-4412-9382-23C38E171EA2}.SingleImage|Any CPU.ActiveCfg = SingleImage
		{D283A997-A1A8-4412-9382-23C38E171EA2}.SingleImage|Any CPU.Build.0 = SingleImage
	EndGlobalSection
	GlobalSection(SolutionProperties) = preSolution
		HideSolutionNode = FALSE
	EndGlobalSection
EndGlobal
